# This file is autogenerated, do not edit; changes may be undone by the next 'dep ensure'.


[[projects]]
  name = "github.com/ogier/pflag"
  packages = ["."]
  revision = "32a05c62658bd1d7c7e75cbc8195de5d585fde0f"
  version = "v0.0.1"

[solve-meta]
  analyzer-name = "dep"
  analyzer-version = 1
  inputs-digest = "b0cd387669304bad44baa60ca9c9ebdb8acba8d0eaa5b802430cc631519d0e0f"
  solver-name = "gps-cdcl"
  solver-version = 1
